
Microsoft Visual Studio Solution File, Format Version 12.00
# Visual Studio 15
VisualStudioVersion = 15.0.27703.2042
MinimumVisualStudioVersion = 10.0.40219.1
Project("{FAE04EC0-301F-11D3-BF4B-00C04F79EFBC}") = "ManytoMany", "ManytoMany\ManytoMany.csproj", "{D4C51024-F773-4C00-98CB-CF66F1F13FD5}"
EndProject
Global
	GlobalSection(SolutionConfigurationPlatforms) = preSolution
		Debug|Any CPU = Debug|Any CPU
		Release|Any CPU = Release|Any CPU
	EndGlobalSection
	GlobalSection(ProjectConfigurationPlatforms) = postSolution
		{D4C51024-F773-4C00-98CB-CF66F1F13FD5}.Debug|Any CPU.ActiveCfg = Debug|Any CPU
		{D4C51024-F773-4C00-98CB-CF66F1F13FD5}.Debug|Any CPU.Build.0 = Debug|Any CPU
		{D4C51024-F773-4C00-98CB-CF66F1F13FD5}.Release|Any CPU.ActiveCfg = Release|Any CPU
		{D4C51024-F773-4C00-98CB-CF66F1F13FD5}.Release|Any CPU.Build.0 = Release|Any CPU
	EndGlobalSection
	GlobalSection(SolutionProperties) = preSolution
		HideSolutionNode = FALSE
	EndGlobalSection
	GlobalSection(ExtensibilityGlobals) = postSolution
		SolutionGuid = {9ABC5B91-8D46-4463-BF4D-D5E8BB3FC3C2}
	EndGlobalSection
EndGlobal
